
Microsoft Visual Studio Solution File, Format Version 12.00
Project("{FAE04EC0-301F-11D3-BF4B-00C04F79EFBC}") = "BlogProjectWebAssembly", "BlogProjectWebAssembly\BlogProjectWebAssembly\BlogProjectWebAssembly.csproj", "{DD38FDED-D043-4BBB-8C93-B166795D58FD}"
EndProject
Project("{FAE04EC0-301F-11D3-BF4B-00C04F79EFBC}") = "BlogProjectWebAssembly.Client", "BlogProjectWebAssembly\BlogProjectWebAssembly.Client\BlogProjectWebAssembly.Client.csproj", "{6E150A85-250F-4C17-9A34-8DDA8213E593}"
EndProject
Global
	GlobalSection(SolutionConfigurationPlatforms) = preSolution
		Debug|Any CPU = Debug|Any CPU
		Release|Any CPU = Release|Any CPU
	EndGlobalSection
	GlobalSection(ProjectConfigurationPlatforms) = postSolution
		{DD38FDED-D043-4BBB-8C93-B166795D58FD}.Debug|Any CPU.ActiveCfg = Debug|Any CPU
		{DD38FDED-D043-4BBB-8C93-B166795D58FD}.Debug|Any CPU.Build.0 = Debug|Any CPU
		{DD38FDED-D043-4BBB-8C93-B166795D58FD}.Release|Any CPU.ActiveCfg = Release|Any CPU
		{DD38FDED-D043-4BBB-8C93-B166795D58FD}.Release|Any CPU.Build.0 = Release|Any CPU
		{6E150A85-250F-4C17-9A34-8DDA8213E593}.Debug|Any CPU.ActiveCfg = Debug|Any CPU
		{6E150A85-250F-4C17-9A34-8DDA8213E593}.Debug|Any CPU.Build.0 = Debug|Any CPU
		{6E150A85-250F-4C17-9A34-8DDA8213E593}.Release|Any CPU.ActiveCfg = Release|Any CPU
		{6E150A85-250F-4C17-9A34-8DDA8213E593}.Release|Any CPU.Build.0 = Release|Any CPU
	EndGlobalSection
EndGlobal
